
Microsoft Visual Studio Solution File, Format Version 12.00
# Visual Studio 15
VisualStudioVersion = 15.0.27004.2010
MinimumVisualStudioVersion = 10.0.40219.1
Project("{FAE04EC0-301F-11D3-BF4B-00C04F79EFBC}") = "DTM", "DTM\DTM.csproj", "{F92C59B7-3F0F-4E05-9ED6-3015ED71661F}"
EndProject
Global
	GlobalSection(SolutionConfigurationPlatforms) = preSolution
		Debug|Any CPU = Debug|Any CPU
		Release|Any CPU = Release|Any CPU
	EndGlobalSection
	GlobalSection(ProjectConfigurationPlatforms) = postSolution
		{F92C59B7-3F0F-4E05-9ED6-3015ED71661F}.Debug|Any CPU.ActiveCfg = Debug|Any CPU
		{F92C59B7-3F0F-4E05-9ED6-3015ED71661F}.Debug|Any CPU.Build.0 = Debug|Any CPU
		{F92C59B7-3F0F-4E05-9ED6-3015ED71661F}.Release|Any CPU.ActiveCfg = Release|Any CPU
		{F92C59B7-3F0F-4E05-9ED6-3015ED71661F}.Release|Any CPU.Build.0 = Release|Any CPU
	EndGlobalSection
	GlobalSection(SolutionProperties) = preSolution
		HideSolutionNode = FALSE
	EndGlobalSection
	GlobalSection(ExtensibilityGlobals) = postSolution
		SolutionGuid = {797ADEB4-ABE6-4E15-9B03-F7035A2BE7CE}
	EndGlobalSection
EndGlobal
